
Microsoft Visual Studio Solution File, Format Version 9.00
# Visual Studio 2005
Project("{2150E333-8FDC-42A3-9474-1A3956D46DE8}") = "libs", "libs", "{0DCDA27F-A17B-4419-B9D4-DE272E07F46E}"
EndProject
Project("{8BC9CEB8-8B4A-11D0-8D11-00A0C91BC942}") = "lattice-tool", "lattice-tool\lattice-tool.vcproj", "{E2A251B6-FFA6-46A7-811F-2A6C705D1C17}"
	ProjectSection(ProjectDependencies) = postProject
		{E8584E80-48BD-44BF-B1AE-89692BA464A0} = {E8584E80-48BD-44BF-B1AE-89692BA464A0}
		{C62CCB54-397C-4DA7-94FE-E730F1592EA1} = {C62CCB54-397C-4DA7-94FE-E730F1592EA1}
		{C0EC2645-8E9F-4758-BB7D-C4685CFF98F6} = {C0EC2645-8E9F-4758-BB7D-C4685CFF98F6}
		{447CB638-6655-41E0-A0CA-27E572CE403D} = {447CB638-6655-41E0-A0CA-27E572CE403D}
		{E5A7A71B-6A5F-453E-994A-4D5750A34274} = {E5A7A71B-6A5F-453E-994A-4D5750A34274}
		{CE78E55E-8DE6-4A37-A092-721233412A4A} = {CE78E55E-8DE6-4A37-A092-721233412A4A}
	EndProjectSection
EndProject
Project("{8BC9CEB8-8B4A-11D0-8D11-00A0C91BC942}") = "ngram-count", "ngram-count\ngram-count.vcproj", "{DB036BA5-F9D8-48E3-B644-CAD51CA20FB0}"
	ProjectSection(ProjectDependencies) = postProject
		{E8584E80-48BD-44BF-B1AE-89692BA464A0} = {E8584E80-48BD-44BF-B1AE-89692BA464A0}
		{C62CCB54-397C-4DA7-94FE-E730F1592EA1} = {C62CCB54-397C-4DA7-94FE-E730F1592EA1}
		{447CB638-6655-41E0-A0CA-27E572CE403D} = {447CB638-6655-41E0-A0CA-27E572CE403D}
		{E5A7A71B-6A5F-453E-994A-4D5750A34274} = {E5A7A71B-6A5F-453E-994A-4D5750A34274}
		{CE78E55E-8DE6-4A37-A092-721233412A4A} = {CE78E55E-8DE6-4A37-A092-721233412A4A}
	EndProjectSection
EndProject
Project("{8BC9CEB8-8B4A-11D0-8D11-00A0C91BC942}") = "ngram", "ngram\ngram.vcproj", "{0AD41568-1FD0-45B5-8376-C444BC762E51}"
	ProjectSection(ProjectDependencies) = postProject
		{E8584E80-48BD-44BF-B1AE-89692BA464A0} = {E8584E80-48BD-44BF-B1AE-89692BA464A0}
		{C62CCB54-397C-4DA7-94FE-E730F1592EA1} = {C62CCB54-397C-4DA7-94FE-E730F1592EA1}
		{447CB638-6655-41E0-A0CA-27E572CE403D} = {447CB638-6655-41E0-A0CA-27E572CE403D}
		{E5A7A71B-6A5F-453E-994A-4D5750A34274} = {E5A7A71B-6A5F-453E-994A-4D5750A34274}
		{CE78E55E-8DE6-4A37-A092-721233412A4A} = {CE78E55E-8DE6-4A37-A092-721233412A4A}
	EndProjectSection
EndProject
Project("{8BC9CEB8-8B4A-11D0-8D11-00A0C91BC942}") = "ngram-class", "ngram-class\ngram-class.vcproj", "{4C275C10-E451-4CD2-A1DC-DF95910EE5E9}"
	ProjectSection(ProjectDependencies) = postProject
		{E5A7A71B-6A5F-453E-994A-4D5750A34274} = {E5A7A71B-6A5F-453E-994A-4D5750A34274}
		{CE78E55E-8DE6-4A37-A092-721233412A4A} = {CE78E55E-8DE6-4A37-A092-721233412A4A}
		{E8584E80-48BD-44BF-B1AE-89692BA464A0} = {E8584E80-48BD-44BF-B1AE-89692BA464A0}
		{C62CCB54-397C-4DA7-94FE-E730F1592EA1} = {C62CCB54-397C-4DA7-94FE-E730F1592EA1}
		{447CB638-6655-41E0-A0CA-27E572CE403D} = {447CB638-6655-41E0-A0CA-27E572CE403D}
	EndProjectSection
EndProject
Project("{8BC9CEB8-8B4A-11D0-8D11-00A0C91BC942}") = "ngram-merge", "ngram-merge\ngram-merge.vcproj", "{54F97E3D-1563-4AB1-A6C1-F7F43CB1EA79}"
	ProjectSection(ProjectDependencies) = postProject
		{E8584E80-48BD-44BF-B1AE-89692BA464A0} = {E8584E80-48BD-44BF-B1AE-89692BA464A0}
		{C62CCB54-397C-4DA7-94FE-E730F1592EA1} = {C62CCB54-397C-4DA7-94FE-E730F1592EA1}
		{447CB638-6655-41E0-A0CA-27E572CE403D} = {447CB638-6655-41E0-A0CA-27E572CE403D}
		{E5A7A71B-6A5F-453E-994A-4D5750A34274} = {E5A7A71B-6A5F-453E-994A-4D5750A34274}
		{CE78E55E-8DE6-4A37-A092-721233412A4A} = {CE78E55E-8DE6-4A37-A092-721233412A4A}
	EndProjectSection
EndProject
Project("{8BC9CEB8-8B4A-11D0-8D11-00A0C91BC942}") = "nbest-lattice", "nbest-lattice\nbest-lattice.vcproj", "{A8542155-E44E-46EB-BC48-9BCB798F138E}"
	ProjectSection(ProjectDependencies) = postProject
		{E5A7A71B-6A5F-453E-994A-4D5750A34274} = {E5A7A71B-6A5F-453E-994A-4D5750A34274}
		{C62CCB54-397C-4DA7-94FE-E730F1592EA1} = {C62CCB54-397C-4DA7-94FE-E730F1592EA1}
		{E8584E80-48BD-44BF-B1AE-89692BA464A0} = {E8584E80-48BD-44BF-B1AE-89692BA464A0}
		{CE78E55E-8DE6-4A37-A092-721233412A4A} = {CE78E55E-8DE6-4A37-A092-721233412A4A}
		{447CB638-6655-41E0-A0CA-27E572CE403D} = {447CB638-6655-41E0-A0CA-27E572CE403D}
	EndProjectSection
EndProject
Project("{8BC9CEB8-8B4A-11D0-8D11-00A0C91BC942}") = "nbest-mix", "nbest-mix\nbest-mix.vcproj", "{14975EF0-97BD-46DA-A132-84F022B42928}"
	ProjectSection(ProjectDependencies) = postProject
		{E8584E80-48BD-44BF-B1AE-89692BA464A0} = {E8584E80-48BD-44BF-B1AE-89692BA464A0}
		{C62CCB54-397C-4DA7-94FE-E730F1592EA1} = {C62CCB54-397C-4DA7-94FE-E730F1592EA1}
		{447CB638-6655-41E0-A0CA-27E572CE403D} = {447CB638-6655-41E0-A0CA-27E572CE403D}
		{E5A7A71B-6A5F-453E-994A-4D5750A34274} = {E5A7A71B-6A5F-453E-994A-4D5750A34274}
		{CE78E55E-8DE6-4A37-A092-721233412A4A} = {CE78E55E-8DE6-4A37-A092-721233412A4A}
	EndProjectSection
EndProject
Project("{8BC9CEB8-8B4A-11D0-8D11-00A0C91BC942}") = "nbest-optimize", "nbest-optimize\nbest-optimize.vcproj", "{D85EC7BC-F8A2-4BA9-B994-D0850185002E}"
	ProjectSection(ProjectDependencies) = postProject
		{E8584E80-48BD-44BF-B1AE-89692BA464A0} = {E8584E80-48BD-44BF-B1AE-89692BA464A0}
		{C62CCB54-397C-4DA7-94FE-E730F1592EA1} = {C62CCB54-397C-4DA7-94FE-E730F1592EA1}
		{447CB638-6655-41E0-A0CA-27E572CE403D} = {447CB638-6655-41E0-A0CA-27E572CE403D}
		{E5A7A71B-6A5F-453E-994A-4D5750A34274} = {E5A7A71B-6A5F-453E-994A-4D5750A34274}
		{CE78E55E-8DE6-4A37-A092-721233412A4A} = {CE78E55E-8DE6-4A37-A092-721233412A4A}
	EndProjectSection
EndProject
Project("{8BC9CEB8-8B4A-11D0-8D11-00A0C91BC942}") = "nbest-pron-score", "nbest-pron-score\nbest-pron-score.vcproj", "{8168D02D-29BC-400A-B812-B48ADB9A139E}"
	ProjectSection(ProjectDependencies) = postProject
		{E8584E80-48BD-44BF-B1AE-89692BA464A0} = {E8584E80-48BD-44BF-B1AE-89692BA464A0}
		{C62CCB54-397C-4DA7-94FE-E730F1592EA1} = {C62CCB54-397C-4DA7-94FE-E730F1592EA1}
		{447CB638-6655-41E0-A0CA-27E572CE403D} = {447CB638-6655-41E0-A0CA-27E572CE403D}
		{E5A7A71B-6A5F-453E-994A-4D5750A34274} = {E5A7A71B-6A5F-453E-994A-4D5750A34274}
		{CE78E55E-8DE6-4A37-A092-721233412A4A} = {CE78E55E-8DE6-4A37-A092-721233412A4A}
	EndProjectSection
EndProject
Project("{8BC9CEB8-8B4A-11D0-8D11-00A0C91BC942}") = "multi-ngram", "multi-ngram\multi-ngram.vcproj", "{CF666B09-B35D-4A16-BEAF-986ACB6ED233}"
	ProjectSection(ProjectDependencies) = postProject
		{E8584E80-48BD-44BF-B1AE-89692BA464A0} = {E8584E80-48BD-44BF-B1AE-89692BA464A0}
		{C62CCB54-397C-4DA7-94FE-E730F1592EA1} = {C62CCB54-397C-4DA7-94FE-E730F1592EA1}
		{447CB638-6655-41E0-A0CA-27E572CE403D} = {447CB638-6655-41E0-A0CA-27E572CE403D}
		{E5A7A71B-6A5F-453E-994A-4D5750A34274} = {E5A7A71B-6A5F-453E-994A-4D5750A34274}
		{CE78E55E-8DE6-4A37-A092-721233412A4A} = {CE78E55E-8DE6-4A37-A092-721233412A4A}
	EndProjectSection
EndProject
Project("{8BC9CEB8-8B4A-11D0-8D11-00A0C91BC942}") = "hidden-ngram", "hidden-ngram\hidden-ngram.vcproj", "{569A81D4-A4E6-45CE-9862-E8E3E555EC70}"
	ProjectSection(ProjectDependencies) = postProject
		{E8584E80-48BD-44BF-B1AE-89692BA464A0} = {E8584E80-48BD-44BF-B1AE-89692BA464A0}
		{C62CCB54-397C-4DA7-94FE-E730F1592EA1} = {C62CCB54-397C-4DA7-94FE-E730F1592EA1}
		{447CB638-6655-41E0-A0CA-27E572CE403D} = {447CB638-6655-41E0-A0CA-27E572CE403D}
		{E5A7A71B-6A5F-453E-994A-4D5750A34274} = {E5A7A71B-6A5F-453E-994A-4D5750A34274}
		{CE78E55E-8DE6-4A37-A092-721233412A4A} = {CE78E55E-8DE6-4A37-A092-721233412A4A}
	EndProjectSection
EndProject
Project("{8BC9CEB8-8B4A-11D0-8D11-00A0C91BC942}") = "fngram", "fngram\fngram.vcproj", "{36B839FA-130F-4B25-AF0C-B5EA76F8B6D9}"
	ProjectSection(ProjectDependencies) = postProject
		{E8584E80-48BD-44BF-B1AE-89692BA464A0} = {E8584E80-48BD-44BF-B1AE-89692BA464A0}
		{C62CCB54-397C-4DA7-94FE-E730F1592EA1} = {C62CCB54-397C-4DA7-94FE-E730F1592EA1}
		{447CB638-6655-41E0-A0CA-27E572CE403D} = {447CB638-6655-41E0-A0CA-27E572CE403D}
		{E5A7A71B-6A5F-453E-994A-4D5750A34274} = {E5A7A71B-6A5F-453E-994A-4D5750A34274}
		{CE78E55E-8DE6-4A37-A092-721233412A4A} = {CE78E55E-8DE6-4A37-A092-721233412A4A}
	EndProjectSection
EndProject
Project("{8BC9CEB8-8B4A-11D0-8D11-00A0C91BC942}") = "fngram-count", "fngram-count\fngram-count.vcproj", "{799CCCBD-A613-4241-B668-FBEF725BD1DF}"
	ProjectSection(ProjectDependencies) = postProject
		{447CB638-6655-41E0-A0CA-27E572CE403D} = {447CB638-6655-41E0-A0CA-27E572CE403D}
		{C62CCB54-397C-4DA7-94FE-E730F1592EA1} = {C62CCB54-397C-4DA7-94FE-E730F1592EA1}
		{E8584E80-48BD-44BF-B1AE-89692BA464A0} = {E8584E80-48BD-44BF-B1AE-89692BA464A0}
		{CE78E55E-8DE6-4A37-A092-721233412A4A} = {CE78E55E-8DE6-4A37-A092-721233412A4A}
		{E5A7A71B-6A5F-453E-994A-4D5750A34274} = {E5A7A71B-6A5F-453E-994A-4D5750A34274}
	EndProjectSection
EndProject
Project("{8BC9CEB8-8B4A-11D0-8D11-00A0C91BC942}") = "disambig", "disambig\disambig.vcproj", "{946650A0-3D35-4102-936B-9A499BF6622E}"
	ProjectSection(ProjectDependencies) = postProject
		{447CB638-6655-41E0-A0CA-27E572CE403D} = {447CB638-6655-41E0-A0CA-27E572CE403D}
		{C62CCB54-397C-4DA7-94FE-E730F1592EA1} = {C62CCB54-397C-4DA7-94FE-E730F1592EA1}
		{E8584E80-48BD-44BF-B1AE-89692BA464A0} = {E8584E80-48BD-44BF-B1AE-89692BA464A0}
		{CE78E55E-8DE6-4A37-A092-721233412A4A} = {CE78E55E-8DE6-4A37-A092-721233412A4A}
		{E5A7A71B-6A5F-453E-994A-4D5750A34274} = {E5A7A71B-6A5F-453E-994A-4D5750A34274}
	EndProjectSection
EndProject
Project("{8BC9CEB8-8B4A-11D0-8D11-00A0C91BC942}") = "anti-ngram", "anti-ngram\anti-ngram.vcproj", "{6261A24D-5CF4-4D6F-9E7E-80F6D981C7D6}"
	ProjectSection(ProjectDependencies) = postProject
		{CE78E55E-8DE6-4A37-A092-721233412A4A} = {CE78E55E-8DE6-4A37-A092-721233412A4A}
		{E5A7A71B-6A5F-453E-994A-4D5750A34274} = {E5A7A71B-6A5F-453E-994A-4D5750A34274}
		{447CB638-6655-41E0-A0CA-27E572CE403D} = {447CB638-6655-41E0-A0CA-27E572CE403D}
		{C62CCB54-397C-4DA7-94FE-E730F1592EA1} = {C62CCB54-397C-4DA7-94FE-E730F1592EA1}
		{E8584E80-48BD-44BF-B1AE-89692BA464A0} = {E8584E80-48BD-44BF-B1AE-89692BA464A0}
	EndProjectSection
EndProject
Project("{8BC9CEB8-8B4A-11D0-8D11-00A0C91BC942}") = "segment", "segment\segment.vcproj", "{2958C23D-FB80-48C5-8490-1A03B9CE3641}"
	ProjectSection(ProjectDependencies) = postProject
		{E8584E80-48BD-44BF-B1AE-89692BA464A0} = {E8584E80-48BD-44BF-B1AE-89692BA464A0}
		{C62CCB54-397C-4DA7-94FE-E730F1592EA1} = {C62CCB54-397C-4DA7-94FE-E730F1592EA1}
		{447CB638-6655-41E0-A0CA-27E572CE403D} = {447CB638-6655-41E0-A0CA-27E572CE403D}
		{E5A7A71B-6A5F-453E-994A-4D5750A34274} = {E5A7A71B-6A5F-453E-994A-4D5750A34274}
		{CE78E55E-8DE6-4A37-A092-721233412A4A} = {CE78E55E-8DE6-4A37-A092-721233412A4A}
	EndProjectSection
EndProject
Project("{8BC9CEB8-8B4A-11D0-8D11-00A0C91BC942}") = "segment-nbest", "segment-nbest\segment-nbest.vcproj", "{87238625-7669-4F2C-AC21-280F13A290CD}"
	ProjectSection(ProjectDependencies) = postProject
		{E8584E80-48BD-44BF-B1AE-89692BA464A0} = {E8584E80-48BD-44BF-B1AE-89692BA464A0}
		{C62CCB54-397C-4DA7-94FE-E730F1592EA1} = {C62CCB54-397C-4DA7-94FE-E730F1592EA1}
		{447CB638-6655-41E0-A0CA-27E572CE403D} = {447CB638-6655-41E0-A0CA-27E572CE403D}
		{E5A7A71B-6A5F-453E-994A-4D5750A34274} = {E5A7A71B-6A5F-453E-994A-4D5750A34274}
		{CE78E55E-8DE6-4A37-A092-721233412A4A} = {CE78E55E-8DE6-4A37-A092-721233412A4A}
	EndProjectSection
EndProject
Project("{8BC9CEB8-8B4A-11D0-8D11-00A0C91BC942}") = "maxalloc", "maxalloc\maxalloc.vcproj", "{E45D94FC-23F8-4DE8-904A-33DFA5B3CF85}"
	ProjectSection(ProjectDependencies) = postProject
		{C62CCB54-397C-4DA7-94FE-E730F1592EA1} = {C62CCB54-397C-4DA7-94FE-E730F1592EA1}
		{E5A7A71B-6A5F-453E-994A-4D5750A34274} = {E5A7A71B-6A5F-453E-994A-4D5750A34274}
	EndProjectSection
EndProject
Project("{2150E333-8FDC-42A3-9474-1A3956D46DE8}") = "programs", "programs", "{327B1E07-E508-4028-A94C-2B0255D0DCFE}"
EndProject
Project("{8BC9CEB8-8B4A-11D0-8D11-00A0C91BC942}") = "dstruct", "lib_dstruct\dstruct.vcproj", "{E5A7A71B-6A5F-453E-994A-4D5750A34274}"
EndProject
Project("{8BC9CEB8-8B4A-11D0-8D11-00A0C91BC942}") = "flm", "lib_flm\flm.vcproj", "{447CB638-6655-41E0-A0CA-27E572CE403D}"
EndProject
Project("{8BC9CEB8-8B4A-11D0-8D11-00A0C91BC942}") = "lattice", "lib_lattice\lattice.vcproj", "{C0EC2645-8E9F-4758-BB7D-C4685CFF98F6}"
EndProject
Project("{8BC9CEB8-8B4A-11D0-8D11-00A0C91BC942}") = "misc", "lib_misc\misc.vcproj", "{C62CCB54-397C-4DA7-94FE-E730F1592EA1}"
EndProject
Project("{8BC9CEB8-8B4A-11D0-8D11-00A0C91BC942}") = "oolm", "lib_oolm\oolm.vcproj", "{E8584E80-48BD-44BF-B1AE-89692BA464A0}"
EndProject
Project("{8BC9CEB8-8B4A-11D0-8D11-00A0C91BC942}") = "z", "lib_z\z.vcproj", "{CE78E55E-8DE6-4A37-A092-721233412A4A}"
EndProject
Global
	GlobalSection(SolutionConfigurationPlatforms) = preSolution
		Debug_c|Win32 = Debug_c|Win32
		Debug_c|x64 = Debug_c|x64
		Debug|Win32 = Debug|Win32
		Debug|x64 = Debug|x64
		Release_c|Win32 = Release_c|Win32
		Release_c|x64 = Release_c|x64
		Release|Win32 = Release|Win32
		Release|x64 = Release|x64
	EndGlobalSection
	GlobalSection(ProjectConfigurationPlatforms) = postSolution
		{E2A251B6-FFA6-46A7-811F-2A6C705D1C17}.Debug_c|Win32.ActiveCfg = Debug_c|Win32
		{E2A251B6-FFA6-46A7-811F-2A6C705D1C17}.Debug_c|Win32.Build.0 = Debug_c|Win32
		{E2A251B6-FFA6-46A7-811F-2A6C705D1C17}.Debug_c|x64.ActiveCfg = Debug_c|x64
		{E2A251B6-FFA6-46A7-811F-2A6C705D1C17}.Debug_c|x64.Build.0 = Debug_c|x64
		{E2A251B6-FFA6-46A7-811F-2A6C705D1C17}.Debug|Win32.ActiveCfg = Debug|Win32
		{E2A251B6-FFA6-46A7-811F-2A6C705D1C17}.Debug|Win32.Build.0 = Debug|Win32
		{E2A251B6-FFA6-46A7-811F-2A6C705D1C17}.Debug|x64.ActiveCfg = Debug|x64
		{E2A251B6-FFA6-46A7-811F-2A6C705D1C17}.Debug|x64.Build.0 = Debug|x64
		{E2A251B6-FFA6-46A7-811F-2A6C705D1C17}.Release_c|Win32.ActiveCfg = Release_c|Win32
		{E2A251B6-FFA6-46A7-811F-2A6C705D1C17}.Release_c|Win32.Build.0 = Release_c|Win32
		{E2A251B6-FFA6-46A7-811F-2A6C705D1C17}.Release_c|x64.ActiveCfg = Release_c|x64
		{E2A251B6-FFA6-46A7-811F-2A6C705D1C17}.Release_c|x64.Build.0 = Release_c|x64
		{E2A251B6-FFA6-46A7-811F-2A6C705D1C17}.Release|Win32.ActiveCfg = Release|Win32
		{E2A251B6-FFA6-46A7-811F-2A6C705D1C17}.Release|Win32.Build.0 = Release|Win32
		{E2A251B6-FFA6-46A7-811F-2A6C705D1C17}.Release|x64.ActiveCfg = Release|x64
		{E2A251B6-FFA6-46A7-811F-2A6C705D1C17}.Release|x64.Build.0 = Release|x64
		{DB036BA5-F9D8-48E3-B644-CAD51CA20FB0}.Debug_c|Win32.ActiveCfg = Debug_c|Win32
		{DB036BA5-F9D8-48E3-B644-CAD51CA20FB0}.Debug_c|Win32.Build.0 = Debug_c|Win32
		{DB036BA5-F9D8-48E3-B644-CAD51CA20FB0}.Debug_c|x64.ActiveCfg = Debug_c|x64
		{DB036BA5-F9D8-48E3-B644-CAD51CA20FB0}.Debug_c|x64.Build.0 = Debug_c|x64
		{DB036BA5-F9D8-48E3-B644-CAD51CA20FB0}.Debug|Win32.ActiveCfg = Debug|Win32
		{DB036BA5-F9D8-48E3-B644-CAD51CA20FB0}.Debug|Win32.Build.0 = Debug|Win32
		{DB036BA5-F9D8-48E3-B644-CAD51CA20FB0}.Debug|x64.ActiveCfg = Debug|x64
		{DB036BA5-F9D8-48E3-B644-CAD51CA20FB0}.Debug|x64.Build.0 = Debug|x64
		{DB036BA5-F9D8-48E3-B644-CAD51CA20FB0}.Release_c|Win32.ActiveCfg = Release_c|Win32
		{DB036BA5-F9D8-48E3-B644-CAD51CA20FB0}.Release_c|Win32.Build.0 = Release_c|Win32
		{DB036BA5-F9D8-48E3-B644-CAD51CA20FB0}.Release_c|x64.ActiveCfg = Release_c|x64
		{DB036BA5-F9D8-48E3-B644-CAD51CA20FB0}.Release_c|x64.Build.0 = Release_c|x64
		{DB036BA5-F9D8-48E3-B644-CAD51CA20FB0}.Release|Win32.ActiveCfg = Release|Win32
		{DB036BA5-F9D8-48E3-B644-CAD51CA20FB0}.Release|Win32.Build.0 = Release|Win32
		{DB036BA5-F9D8-48E3-B644-CAD51CA20FB0}.Release|x64.ActiveCfg = Release|x64
		{DB036BA5-F9D8-48E3-B644-CAD51CA20FB0}.Release|x64.Build.0 = Release|x64
		{0AD41568-1FD0-45B5-8376-C444BC762E51}.Debug_c|Win32.ActiveCfg = Debug_c|Win32
		{0AD41568-1FD0-45B5-8376-C444BC762E51}.Debug_c|Win32.Build.0 = Debug_c|Win32
		{0AD41568-1FD0-45B5-8376-C444BC762E51}.Debug_c|x64.ActiveCfg = Debug_c|x64
		{0AD41568-1FD0-45B5-8376-C444BC762E51}.Debug_c|x64.Build.0 = Debug_c|x64
		{0AD41568-1FD0-45B5-8376-C444BC762E51}.Debug|Win32.ActiveCfg = Debug|Win32
		{0AD41568-1FD0-45B5-8376-C444BC762E51}.Debug|Win32.Build.0 = Debug|Win32
		{0AD41568-1FD0-45B5-8376-C444BC762E51}.Debug|x64.ActiveCfg = Debug|x64
		{0AD41568-1FD0-45B5-8376-C444BC762E51}.Debug|x64.Build.0 = Debug|x64
		{0AD41568-1FD0-45B5-8376-C444BC762E51}.Release_c|Win32.ActiveCfg = Release_c|Win32
		{0AD41568-1FD0-45B5-8376-C444BC762E51}.Release_c|Win32.Build.0 = Release_c|Win32
		{0AD41568-1FD0-45B5-8376-C444BC762E51}.Release_c|x64.ActiveCfg = Release_c|x64
		{0AD41568-1FD0-45B5-8376-C444BC762E51}.Release_c|x64.Build.0 = Release_c|x64
		{0AD41568-1FD0-45B5-8376-C444BC762E51}.Release|Win32.ActiveCfg = Release|Win32
		{0AD41568-1FD0-45B5-8376-C444BC762E51}.Release|Win32.Build.0 = Release|Win32
		{0AD41568-1FD0-45B5-8376-C444BC762E51}.Release|x64.ActiveCfg = Release|x64
		{0AD41568-1FD0-45B5-8376-C444BC762E51}.Release|x64.Build.0 = Release|x64
		{4C275C10-E451-4CD2-A1DC-DF95910EE5E9}.Debug_c|Win32.ActiveCfg = Debug_c|Win32
		{4C275C10-E451-4CD2-A1DC-DF95910EE5E9}.Debug_c|Win32.Build.0 = Debug_c|Win32
		{4C275C10-E451-4CD2-A1DC-DF95910EE5E9}.Debug_c|x64.ActiveCfg = Debug_c|x64
		{4C275C10-E451-4CD2-A1DC-DF95910EE5E9}.Debug_c|x64.Build.0 = Debug_c|x64
		{4C275C10-E451-4CD2-A1DC-DF95910EE5E9}.Debug|Win32.ActiveCfg = Debug|Win32
		{4C275C10-E451-4CD2-A1DC-DF95910EE5E9}.Debug|Win32.Build.0 = Debug|Win32
		{4C275C10-E451-4CD2-A1DC-DF95910EE5E9}.Debug|x64.ActiveCfg = Debug|x64
		{4C275C10-E451-4CD2-A1DC-DF95910EE5E9}.Debug|x64.Build.0 = Debug|x64
		{4C275C10-E451-4CD2-A1DC-DF95910EE5E9}.Release_c|Win32.ActiveCfg = Release_c|Win32
		{4C275C10-E451-4CD2-A1DC-DF95910EE5E9}.Release_c|Win32.Build.0 = Release_c|Win32
		{4C275C10-E451-4CD2-A1DC-DF95910EE5E9}.Release_c|x64.ActiveCfg = Release_c|x64
		{4C275C10-E451-4CD2-A1DC-DF95910EE5E9}.Release_c|x64.Build.0 = Release_c|x64
		{4C275C10-E451-4CD2-A1DC-DF95910EE5E9}.Release|Win32.ActiveCfg = Release|Win32
		{4C275C10-E451-4CD2-A1DC-DF95910EE5E9}.Release|Win32.Build.0 = Release|Win32
		{4C275C10-E451-4CD2-A1DC-DF95910EE5E9}.Release|x64.ActiveCfg = Release|x64
		{4C275C10-E451-4CD2-A1DC-DF95910EE5E9}.Release|x64.Build.0 = Release|x64
		{54F97E3D-1563-4AB1-A6C1-F7F43CB1EA79}.Debug_c|Win32.ActiveCfg = Debug_c|Win32
		{54F97E3D-1563-4AB1-A6C1-F7F43CB1EA79}.Debug_c|Win32.Build.0 = Debug_c|Win32
		{54F97E3D-1563-4AB1-A6C1-F7F43CB1EA79}.Debug_c|x64.ActiveCfg = Debug_c|x64
		{54F97E3D-1563-4AB1-A6C1-F7F43CB1EA79}.Debug_c|x64.Build.0 = Debug_c|x64
		{54F97E3D-1563-4AB1-A6C1-F7F43CB1EA79}.Debug|Win32.ActiveCfg = Debug|Win32
		{54F97E3D-1563-4AB1-A6C1-F7F43CB1EA79}.Debug|Win32.Build.0 = Debug|Win32
		{54F97E3D-1563-4AB1-A6C1-F7F43CB1EA79}.Debug|x64.ActiveCfg = Debug|x64
		{54F97E3D-1563-4AB1-A6C1-F7F43CB1EA79}.Debug|x64.Build.0 = Debug|x64
		{54F97E3D-1563-4AB1-A6C1-F7F43CB1EA79}.Release_c|Win32.ActiveCfg = Release_c|Win32
		{54F97E3D-1563-4AB1-A6C1-F7F43CB1EA79}.Release_c|Win32.Build.0 = Release_c|Win32
		{54F97E3D-1563-4AB1-A6C1-F7F43CB1EA79}.Release_c|x64.ActiveCfg = Release_c|x64
		{54F97E3D-1563-4AB1-A6C1-F7F43CB1EA79}.Release_c|x64.Build.0 = Release_c|x64
		{54F97E3D-1563-4AB1-A6C1-F7F43CB1EA79}.Release|Win32.ActiveCfg = Release|Win32
		{54F97E3D-1563-4AB1-A6C1-F7F43CB1EA79}.Release|Win32.Build.0 = Release|Win32
		{54F97E3D-1563-4AB1-A6C1-F7F43CB1EA79}.Release|x64.ActiveCfg = Release|x64
		{54F97E3D-1563-4AB1-A6C1-F7F43CB1EA79}.Release|x64.Build.0 = Release|x64
		{A8542155-E44E-46EB-BC48-9BCB798F138E}.Debug_c|Win32.ActiveCfg = Debug_c|Win32
		{A8542155-E44E-46EB-BC48-9BCB798F138E}.Debug_c|Win32.Build.0 = Debug_c|Win32
		{A8542155-E44E-46EB-BC48-9BCB798F138E}.Debug_c|x64.ActiveCfg = Debug_c|x64
		{A8542155-E44E-46EB-BC48-9BCB798F138E}.Debug_c|x64.Build.0 = Debug_c|x64
		{A8542155-E44E-46EB-BC48-9BCB798F138E}.Debug|Win32.ActiveCfg = Debug|Win32
		{A8542155-E44E-46EB-BC48-9BCB798F138E}.Debug|Win32.Build.0 = Debug|Win32
		{A8542155-E44E-46EB-BC48-9BCB798F138E}.Debug|x64.ActiveCfg = Debug|x64
		{A8542155-E44E-46EB-BC48-9BCB798F138E}.Debug|x64.Build.0 = Debug|x64
		{A8542155-E44E-46EB-BC48-9BCB798F138E}.Release_c|Win32.ActiveCfg = Release_c|Win32
		{A8542155-E44E-46EB-BC48-9BCB798F138E}.Release_c|Win32.Build.0 = Release_c|Win32
		{A8542155-E44E-46EB-BC48-9BCB798F138E}.Release_c|x64.ActiveCfg = Release_c|x64
		{A8542155-E44E-46EB-BC48-9BCB798F138E}.Release_c|x64.Build.0 = Release_c|x64
		{A8542155-E44E-46EB-BC48-9BCB798F138E}.Release|Win32.ActiveCfg = Release|Win32
		{A8542155-E44E-46EB-BC48-9BCB798F138E}.Release|Win32.Build.0 = Release|Win32
		{A8542155-E44E-46EB-BC48-9BCB798F138E}.Release|x64.ActiveCfg = Release|x64
		{A8542155-E44E-46EB-BC48-9BCB798F138E}.Release|x64.Build.0 = Release|x64
		{14975EF0-97BD-46DA-A132-84F022B42928}.Debug_c|Win32.ActiveCfg = Debug_c|Win32
		{14975EF0-97BD-46DA-A132-84F022B42928}.Debug_c|Win32.Build.0 = Debug_c|Win32
		{14975EF0-97BD-46DA-A132-84F022B42928}.Debug_c|x64.ActiveCfg = Debug_c|x64
		{14975EF0-97BD-46DA-A132-84F022B42928}.Debug_c|x64.Build.0 = Debug_c|x64
		{14975EF0-97BD-46DA-A132-84F022B42928}.Debug|Win32.ActiveCfg = Debug|Win32
		{14975EF0-97BD-46DA-A132-84F022B42928}.Debug|Win32.Build.0 = Debug|Win32
		{14975EF0-97BD-46DA-A132-84F022B42928}.Debug|x64.ActiveCfg = Debug|x64
		{14975EF0-97BD-46DA-A132-84F022B42928}.Debug|x64.Build.0 = Debug|x64
		{14975EF0-97BD-46DA-A132-84F022B42928}.Release_c|Win32.ActiveCfg = Release_c|Win32
		{14975EF0-97BD-46DA-A132-84F022B42928}.Release_c|Win32.Build.0 = Release_c|Win32
		{14975EF0-97BD-46DA-A132-84F022B42928}.Release_c|x64.ActiveCfg = Release_c|x64
		{14975EF0-97BD-46DA-A132-84F022B42928}.Release_c|x64.Build.0 = Release_c|x64
		{14975EF0-97BD-46DA-A132-84F022B42928}.Release|Win32.ActiveCfg = Release|Win32
		{14975EF0-97BD-46DA-A132-84F022B42928}.Release|Win32.Build.0 = Release|Win32
		{14975EF0-97BD-46DA-A132-84F022B42928}.Release|x64.ActiveCfg = Release|x64
		{14975EF0-97BD-46DA-A132-84F022B42928}.Release|x64.Build.0 = Release|x64
		{D85EC7BC-F8A2-4BA9-B994-D0850185002E}.Debug_c|Win32.ActiveCfg = Debug_c|Win32
		{D85EC7BC-F8A2-4BA9-B994-D0850185002E}.Debug_c|Win32.Build.0 = Debug_c|Win32
		{D85EC7BC-F8A2-4BA9-B994-D0850185002E}.Debug_c|x64.ActiveCfg = Debug_c|x64
		{D85EC7BC-F8A2-4BA9-B994-D0850185002E}.Debug_c|x64.Build.0 = Debug_c|x64
		{D85EC7BC-F8A2-4BA9-B994-D0850185002E}.Debug|Win32.ActiveCfg = Debug|Win32
		{D85EC7BC-F8A2-4BA9-B994-D0850185002E}.Debug|Win32.Build.0 = Debug|Win32
		{D85EC7BC-F8A2-4BA9-B994-D0850185002E}.Debug|x64.ActiveCfg = Debug|x64
		{D85EC7BC-F8A2-4BA9-B994-D0850185002E}.Debug|x64.Build.0 = Debug|x64
		{D85EC7BC-F8A2-4BA9-B994-D0850185002E}.Release_c|Win32.ActiveCfg = Release_c|Win32
		{D85EC7BC-F8A2-4BA9-B994-D0850185002E}.Release_c|Win32.Build.0 = Release_c|Win32
		{D85EC7BC-F8A2-4BA9-B994-D0850185002E}.Release_c|x64.ActiveCfg = Release_c|x64
		{D85EC7BC-F8A2-4BA9-B994-D0850185002E}.Release_c|x64.Build.0 = Release_c|x64
		{D85EC7BC-F8A2-4BA9-B994-D0850185002E}.Release|Win32.ActiveCfg = Release|Win32
		{D85EC7BC-F8A2-4BA9-B994-D0850185002E}.Release|Win32.Build.0 = Release|Win32
		{D85EC7BC-F8A2-4BA9-B994-D0850185002E}.Release|x64.ActiveCfg = Release|x64
		{D85EC7BC-F8A2-4BA9-B994-D0850185002E}.Release|x64.Build.0 = Release|x64
		{8168D02D-29BC-400A-B812-B48ADB9A139E}.Debug_c|Win32.ActiveCfg = Debug_c|Win32
		{8168D02D-29BC-400A-B812-B48ADB9A139E}.Debug_c|Win32.Build.0 = Debug_c|Win32
		{8168D02D-29BC-400A-B812-B48ADB9A139E}.Debug_c|x64.ActiveCfg = Debug_c|x64
		{8168D02D-29BC-400A-B812-B48ADB9A139E}.Debug_c|x64.Build.0 = Debug_c|x64
		{8168D02D-29BC-400A-B812-B48ADB9A139E}.Debug|Win32.ActiveCfg = Debug|Win32
		{8168D02D-29BC-400A-B812-B48ADB9A139E}.Debug|Win32.Build.0 = Debug|Win32
		{8168D02D-29BC-400A-B812-B48ADB9A139E}.Debug|x64.ActiveCfg = Debug|x64
		{8168D02D-29BC-400A-B812-B48ADB9A139E}.Debug|x64.Build.0 = Debug|x64
		{8168D02D-29BC-400A-B812-B48ADB9A139E}.Release_c|Win32.ActiveCfg = Release_c|Win32
		{8168D02D-29BC-400A-B812-B48ADB9A139E}.Release_c|Win32.Build.0 = Release_c|Win32
		{8168D02D-29BC-400A-B812-B48ADB9A139E}.Release_c|x64.ActiveCfg = Release_c|x64
		{8168D02D-29BC-400A-B812-B48ADB9A139E}.Release_c|x64.Build.0 = Release_c|x64
		{8168D02D-29BC-400A-B812-B48ADB9A139E}.Release|Win32.ActiveCfg = Release|Win32
		{8168D02D-29BC-400A-B812-B48ADB9A139E}.Release|Win32.Build.0 = Release|Win32
		{8168D02D-29BC-400A-B812-B48ADB9A139E}.Release|x64.ActiveCfg = Release|x64
		{8168D02D-29BC-400A-B812-B48ADB9A139E}.Release|x64.Build.0 = Release|x64
		{CF666B09-B35D-4A16-BEAF-986ACB6ED233}.Debug_c|Win32.ActiveCfg = Debug_c|Win32
		{CF666B09-B35D-4A16-BEAF-986ACB6ED233}.Debug_c|Win32.Build.0 = Debug_c|Win32
		{CF666B09-B35D-4A16-BEAF-986ACB6ED233}.Debug_c|x64.ActiveCfg = Debug_c|x64
		{CF666B09-B35D-4A16-BEAF-986ACB6ED233}.Debug_c|x64.Build.0 = Debug_c|x64
		{CF666B09-B35D-4A16-BEAF-986ACB6ED233}.Debug|Win32.ActiveCfg = Debug|Win32
		{CF666B09-B35D-4A16-BEAF-986ACB6ED233}.Debug|Win32.Build.0 = Debug|Win32
		{CF666B09-B35D-4A16-BEAF-986ACB6ED233}.Debug|x64.ActiveCfg = Debug|x64
		{CF666B09-B35D-4A16-BEAF-986ACB6ED233}.Debug|x64.Build.0 = Debug|x64
		{CF666B09-B35D-4A16-BEAF-986ACB6ED233}.Release_c|Win32.ActiveCfg = Release_c|Win32
		{CF666B09-B35D-4A16-BEAF-986ACB6ED233}.Release_c|Win32.Build.0 = Release_c|Win32
		{CF666B09-B35D-4A16-BEAF-986ACB6ED233}.Release_c|x64.ActiveCfg = Release_c|x64
		{CF666B09-B35D-4A16-BEAF-986ACB6ED233}.Release_c|x64.Build.0 = Release_c|x64
		{CF666B09-B35D-4A16-BEAF-986ACB6ED233}.Release|Win32.ActiveCfg = Release|Win32
		{CF666B09-B35D-4A16-BEAF-986ACB6ED233}.Release|Win32.Build.0 = Release|Win32
		{CF666B09-B35D-4A16-BEAF-986ACB6ED233}.Release|x64.ActiveCfg = Release|x64
		{CF666B09-B35D-4A16-BEAF-986ACB6ED233}.Release|x64.Build.0 = Release|x64
		{569A81D4-A4E6-45CE-9862-E8E3E555EC70}.Debug_c|Win32.ActiveCfg = Debug_c|Win32
		{569A81D4-A4E6-45CE-9862-E8E3E555EC70}.Debug_c|Win32.Build.0 = Debug_c|Win32
		{569A81D4-A4E6-45CE-9862-E8E3E555EC70}.Debug_c|x64.ActiveCfg = Debug_c|x64
		{569A81D4-A4E6-45CE-9862-E8E3E555EC70}.Debug_c|x64.Build.0 = Debug_c|x64
		{569A81D4-A4E6-45CE-9862-E8E3E555EC70}.Debug|Win32.ActiveCfg = Debug|Win32
		{569A81D4-A4E6-45CE-9862-E8E3E555EC70}.Debug|Win32.Build.0 = Debug|Win32
		{569A81D4-A4E6-45CE-9862-E8E3E555EC70}.Debug|x64.ActiveCfg = Debug|x64
		{569A81D4-A4E6-45CE-9862-E8E3E555EC70}.Debug|x64.Build.0 = Debug|x64
		{569A81D4-A4E6-45CE-9862-E8E3E555EC70}.Release_c|Win32.ActiveCfg = Release_c|Win32
		{569A81D4-A4E6-45CE-9862-E8E3E555EC70}.Release_c|Win32.Build.0 = Release_c|Win32
		{569A81D4-A4E6-45CE-9862-E8E3E555EC70}.Release_c|x64.ActiveCfg = Release_c|x64
		{569A81D4-A4E6-45CE-9862-E8E3E555EC70}.Release_c|x64.Build.0 = Release_c|x64
		{569A81D4-A4E6-45CE-9862-E8E3E555EC70}.Release|Win32.ActiveCfg = Release|Win32
		{569A81D4-A4E6-45CE-9862-E8E3E555EC70}.Release|Win32.Build.0 = Release|Win32
		{569A81D4-A4E6-45CE-9862-E8E3E555EC70}.Release|x64.ActiveCfg = Release|x64
		{569A81D4-A4E6-45CE-9862-E8E3E555EC70}.Release|x64.Build.0 = Release|x64
		{36B839FA-130F-4B25-AF0C-B5EA76F8B6D9}.Debug_c|Win32.ActiveCfg = Debug_c|Win32
		{36B839FA-130F-4B25-AF0C-B5EA76F8B6D9}.Debug_c|Win32.Build.0 = Debug_c|Win32
		{36B839FA-130F-4B25-AF0C-B5EA76F8B6D9}.Debug_c|x64.ActiveCfg = Debug_c|x64
		{36B839FA-130F-4B25-AF0C-B5EA76F8B6D9}.Debug_c|x64.Build.0 = Debug_c|x64
		{36B839FA-130F-4B25-AF0C-B5EA76F8B6D9}.Debug|Win32.ActiveCfg = Debug|Win32
		{36B839FA-130F-4B25-AF0C-B5EA76F8B6D9}.Debug|Win32.Build.0 = Debug|Win32
		{36B839FA-130F-4B25-AF0C-B5EA76F8B6D9}.Debug|x64.ActiveCfg = Debug|x64
		{36B839FA-130F-4B25-AF0C-B5EA76F8B6D9}.Debug|x64.Build.0 = Debug|x64
		{36B839FA-130F-4B25-AF0C-B5EA76F8B6D9}.Release_c|Win32.ActiveCfg = Release_c|Win32
		{36B839FA-130F-4B25-AF0C-B5EA76F8B6D9}.Release_c|Win32.Build.0 = Release_c|Win32
		{36B839FA-130F-4B25-AF0C-B5EA76F8B6D9}.Release_c|x64.ActiveCfg = Release_c|x64
		{36B839FA-130F-4B25-AF0C-B5EA76F8B6D9}.Release_c|x64.Build.0 = Release_c|x64
		{36B839FA-130F-4B25-AF0C-B5EA76F8B6D9}.Release|Win32.ActiveCfg = Release|Win32
		{36B839FA-130F-4B25-AF0C-B5EA76F8B6D9}.Release|Win32.Build.0 = Release|Win32
		{36B839FA-130F-4B25-AF0C-B5EA76F8B6D9}.Release|x64.ActiveCfg = Release|x64
		{36B839FA-130F-4B25-AF0C-B5EA76F8B6D9}.Release|x64.Build.0 = Release|x64
		{799CCCBD-A613-4241-B668-FBEF725BD1DF}.Debug_c|Win32.ActiveCfg = Debug_c|Win32
		{799CCCBD-A613-4241-B668-FBEF725BD1DF}.Debug_c|Win32.Build.0 = Debug_c|Win32
		{799CCCBD-A613-4241-B668-FBEF725BD1DF}.Debug_c|x64.ActiveCfg = Debug_c|x64
		{799CCCBD-A613-4241-B668-FBEF725BD1DF}.Debug_c|x64.Build.0 = Debug_c|x64
		{799CCCBD-A613-4241-B668-FBEF725BD1DF}.Debug|Win32.ActiveCfg = Debug|Win32
		{799CCCBD-A613-4241-B668-FBEF725BD1DF}.Debug|Win32.Build.0 = Debug|Win32
		{799CCCBD-A613-4241-B668-FBEF725BD1DF}.Debug|x64.ActiveCfg = Debug|x64
		{799CCCBD-A613-4241-B668-FBEF725BD1DF}.Debug|x64.Build.0 = Debug|x64
		{799CCCBD-A613-4241-B668-FBEF725BD1DF}.Release_c|Win32.ActiveCfg = Release_c|Win32
		{799CCCBD-A613-4241-B668-FBEF725BD1DF}.Release_c|Win32.Build.0 = Release_c|Win32
		{799CCCBD-A613-4241-B668-FBEF725BD1DF}.Release_c|x64.ActiveCfg = Release_c|x64
		{799CCCBD-A613-4241-B668-FBEF725BD1DF}.Release_c|x64.Build.0 = Release_c|x64
		{799CCCBD-A613-4241-B668-FBEF725BD1DF}.Release|Win32.ActiveCfg = Release|Win32
		{799CCCBD-A613-4241-B668-FBEF725BD1DF}.Release|Win32.Build.0 = Release|Win32
		{799CCCBD-A613-4241-B668-FBEF725BD1DF}.Release|x64.ActiveCfg = Release|x64
		{799CCCBD-A613-4241-B668-FBEF725BD1DF}.Release|x64.Build.0 = Release|x64
		{946650A0-3D35-4102-936B-9A499BF6622E}.Debug_c|Win32.ActiveCfg = Debug_c|Win32
		{946650A0-3D35-4102-936B-9A499BF6622E}.Debug_c|Win32.Build.0 = Debug_c|Win32
		{946650A0-3D35-4102-936B-9A499BF6622E}.Debug_c|x64.ActiveCfg = Debug_c|x64
		{946650A0-3D35-4102-936B-9A499BF6622E}.Debug_c|x64.Build.0 = Debug_c|x64
		{946650A0-3D35-4102-936B-9A499BF6622E}.Debug|Win32.ActiveCfg = Debug|Win32
		{946650A0-3D35-4102-936B-9A499BF6622E}.Debug|Win32.Build.0 = Debug|Win32
		{946650A0-3D35-4102-936B-9A499BF6622E}.Debug|x64.ActiveCfg = Debug|x64
		{946650A0-3D35-4102-936B-9A499BF6622E}.Debug|x64.Build.0 = Debug|x64
		{946650A0-3D35-4102-936B-9A499BF6622E}.Release_c|Win32.ActiveCfg = Release_c|Win32
		{946650A0-3D35-4102-936B-9A499BF6622E}.Release_c|Win32.Build.0 = Release_c|Win32
		{946650A0-3D35-4102-936B-9A499BF6622E}.Release_c|x64.ActiveCfg = Release_c|x64
		{946650A0-3D35-4102-936B-9A499BF6622E}.Release_c|x64.Build.0 = Release_c|x64
		{946650A0-3D35-4102-936B-9A499BF6622E}.Release|Win32.ActiveCfg = Release|Win32
		{946650A0-3D35-4102-936B-9A499BF6622E}.Release|Win32.Build.0 = Release|Win32
		{946650A0-3D35-4102-936B-9A499BF6622E}.Release|x64.ActiveCfg = Release|x64
		{946650A0-3D35-4102-936B-9A499BF6622E}.Release|x64.Build.0 = Release|x64
		{6261A24D-5CF4-4D6F-9E7E-80F6D981C7D6}.Debug_c|Win32.ActiveCfg = Debug_c|Win32
		{6261A24D-5CF4-4D6F-9E7E-80F6D981C7D6}.Debug_c|Win32.Build.0 = Debug_c|Win32
		{6261A24D-5CF4-4D6F-9E7E-80F6D981C7D6}.Debug_c|x64.ActiveCfg = Debug_c|x64
		{6261A24D-5CF4-4D6F-9E7E-80F6D981C7D6}.Debug_c|x64.Build.0 = Debug_c|x64
		{6261A24D-5CF4-4D6F-9E7E-80F6D981C7D6}.Debug|Win32.ActiveCfg = Debug|Win32
		{6261A24D-5CF4-4D6F-9E7E-80F6D981C7D6}.Debug|Win32.Build.0 = Debug|Win32
		{6261A24D-5CF4-4D6F-9E7E-80F6D981C7D6}.Debug|x64.ActiveCfg = Debug|x64
		{6261A24D-5CF4-4D6F-9E7E-80F6D981C7D6}.Debug|x64.Build.0 = Debug|x64
		{6261A24D-5CF4-4D6F-9E7E-80F6D981C7D6}.Release_c|Win32.ActiveCfg = Release_c|Win32
		{6261A24D-5CF4-4D6F-9E7E-80F6D981C7D6}.Release_c|Win32.Build.0 = Release_c|Win32
		{6261A24D-5CF4-4D6F-9E7E-80F6D981C7D6}.Release_c|x64.ActiveCfg = Release_c|x64
		{6261A24D-5CF4-4D6F-9E7E-80F6D981C7D6}.Release_c|x64.Build.0 = Release_c|x64
		{6261A24D-5CF4-4D6F-9E7E-80F6D981C7D6}.Release|Win32.ActiveCfg = Release|Win32
		{6261A24D-5CF4-4D6F-9E7E-80F6D981C7D6}.Release|Win32.Build.0 = Release|Win32
		{6261A24D-5CF4-4D6F-9E7E-80F6D981C7D6}.Release|x64.ActiveCfg = Release|x64
		{6261A24D-5CF4-4D6F-9E7E-80F6D981C7D6}.Release|x64.Build.0 = Release|x64
		{2958C23D-FB80-48C5-8490-1A03B9CE3641}.Debug_c|Win32.ActiveCfg = Debug_c|Win32
		{2958C23D-FB80-48C5-8490-1A03B9CE3641}.Debug_c|Win32.Build.0 = Debug_c|Win32
		{2958C23D-FB80-48C5-8490-1A03B9CE3641}.Debug_c|x64.ActiveCfg = Debug_c|x64
		{2958C23D-FB80-48C5-8490-1A03B9CE3641}.Debug_c|x64.Build.0 = Debug_c|x64
		{2958C23D-FB80-48C5-8490-1A03B9CE3641}.Debug|Win32.ActiveCfg = Debug|Win32
		{2958C23D-FB80-48C5-8490-1A03B9CE3641}.Debug|Win32.Build.0 = Debug|Win32
		{2958C23D-FB80-48C5-8490-1A03B9CE3641}.Debug|x64.ActiveCfg = Debug|x64
		{2958C23D-FB80-48C5-8490-1A03B9CE3641}.Debug|x64.Build.0 = Debug|x64
		{2958C23D-FB80-48C5-8490-1A03B9CE3641}.Release_c|Win32.ActiveCfg = Release_c|Win32
		{2958C23D-FB80-48C5-8490-1A03B9CE3641}.Release_c|Win32.Build.0 = Release_c|Win32
		{2958C23D-FB80-48C5-8490-1A03B9CE3641}.Release_c|x64.ActiveCfg = Release_c|x64
		{2958C23D-FB80-48C5-8490-1A03B9CE3641}.Release_c|x64.Build.0 = Release_c|x64
		{2958C23D-FB80-48C5-8490-1A03B9CE3641}.Release|Win32.ActiveCfg = Release|Win32
		{2958C23D-FB80-48C5-8490-1A03B9CE3641}.Release|Win32.Build.0 = Release|Win32
		{2958C23D-FB80-48C5-8490-1A03B9CE3641}.Release|x64.ActiveCfg = Release|x64
		{2958C23D-FB80-48C5-8490-1A03B9CE3641}.Release|x64.Build.0 = Release|x64
		{87238625-7669-4F2C-AC21-280F13A290CD}.Debug_c|Win32.ActiveCfg = Debug_c|Win32
		{87238625-7669-4F2C-AC21-280F13A290CD}.Debug_c|Win32.Build.0 = Debug_c|Win32
		{87238625-7669-4F2C-AC21-280F13A290CD}.Debug_c|x64.ActiveCfg = Debug_c|x64
		{87238625-7669-4F2C-AC21-280F13A290CD}.Debug_c|x64.Build.0 = Debug_c|x64
		{87238625-7669-4F2C-AC21-280F13A290CD}.Debug|Win32.ActiveCfg = Debug|Win32
		{87238625-7669-4F2C-AC21-280F13A290CD}.Debug|Win32.Build.0 = Debug|Win32
		{87238625-7669-4F2C-AC21-280F13A290CD}.Debug|x64.ActiveCfg = Debug|x64
		{87238625-7669-4F2C-AC21-280F13A290CD}.Debug|x64.Build.0 = Debug|x64
		{87238625-7669-4F2C-AC21-280F13A290CD}.Release_c|Win32.ActiveCfg = Release_c|Win32
		{87238625-7669-4F2C-AC21-280F13A290CD}.Release_c|Win32.Build.0 = Release_c|Win32
		{87238625-7669-4F2C-AC21-280F13A290CD}.Release_c|x64.ActiveCfg = Release_c|x64
		{87238625-7669-4F2C-AC21-280F13A290CD}.Release_c|x64.Build.0 = Release_c|x64
		{87238625-7669-4F2C-AC21-280F13A290CD}.Release|Win32.ActiveCfg = Release|Win32
		{87238625-7669-4F2C-AC21-280F13A290CD}.Release|Win32.Build.0 = Release|Win32
		{87238625-7669-4F2C-AC21-280F13A290CD}.Release|x64.ActiveCfg = Release|x64
		{87238625-7669-4F2C-AC21-280F13A290CD}.Release|x64.Build.0 = Release|x64
		{E45D94FC-23F8-4DE8-904A-33DFA5B3CF85}.Debug_c|Win32.ActiveCfg = Debug_c|Win32
		{E45D94FC-23F8-4DE8-904A-33DFA5B3CF85}.Debug_c|Win32.Build.0 = Debug_c|Win32
		{E45D94FC-23F8-4DE8-904A-33DFA5B3CF85}.Debug_c|x64.ActiveCfg = Debug_c|x64
		{E45D94FC-23F8-4DE8-904A-33DFA5B3CF85}.Debug_c|x64.Build.0 = Debug_c|x64
		{E45D94FC-23F8-4DE8-904A-33DFA5B3CF85}.Debug|Win32.ActiveCfg = Debug|Win32
		{E45D94FC-23F8-4DE8-904A-33DFA5B3CF85}.Debug|Win32.Build.0 = Debug|Win32
		{E45D94FC-23F8-4DE8-904A-33DFA5B3CF85}.Debug|x64.ActiveCfg = Debug|x64
		{E45D94FC-23F8-4DE8-904A-33DFA5B3CF85}.Debug|x64.Build.0 = Debug|x64
		{E45D94FC-23F8-4DE8-904A-33DFA5B3CF85}.Release_c|Win32.ActiveCfg = Release_c|Win32
		{E45D94FC-23F8-4DE8-904A-33DFA5B3CF85}.Release_c|Win32.Build.0 = Release_c|Win32
		{E45D94FC-23F8-4DE8-904A-33DFA5B3CF85}.Release_c|x64.ActiveCfg = Release_c|x64
		{E45D94FC-23F8-4DE8-904A-33DFA5B3CF85}.Release_c|x64.Build.0 = Release_c|x64
		{E45D94FC-23F8-4DE8-904A-33DFA5B3CF85}.Release|Win32.ActiveCfg = Release|Win32
		{E45D94FC-23F8-4DE8-904A-33DFA5B3CF85}.Release|Win32.Build.0 = Release|Win32
		{E45D94FC-23F8-4DE8-904A-33DFA5B3CF85}.Release|x64.ActiveCfg = Release|x64
		{E45D94FC-23F8-4DE8-904A-33DFA5B3CF85}.Release|x64.Build.0 = Release|x64
		{E5A7A71B-6A5F-453E-994A-4D5750A34274}.Debug_c|Win32.ActiveCfg = Debug_c|Win32
		{E5A7A71B-6A5F-453E-994A-4D5750A34274}.Debug_c|Win32.Build.0 = Debug_c|Win32
		{E5A7A71B-6A5F-453E-994A-4D5750A34274}.Debug_c|x64.ActiveCfg = Debug_c|x64
		{E5A7A71B-6A5F-453E-994A-4D5750A34274}.Debug_c|x64.Build.0 = Debug_c|x64
		{E5A7A71B-6A5F-453E-994A-4D5750A34274}.Debug|Win32.ActiveCfg = Debug|Win32
		{E5A7A71B-6A5F-453E-994A-4D5750A34274}.Debug|Win32.Build.0 = Debug|Win32
		{E5A7A71B-6A5F-453E-994A-4D5750A34274}.Debug|x64.ActiveCfg = Debug|x64
		{E5A7A71B-6A5F-453E-994A-4D5750A34274}.Debug|x64.Build.0 = Debug|x64
		{E5A7A71B-6A5F-453E-994A-4D5750A34274}.Release_c|Win32.ActiveCfg = Release_c|Win32
		{E5A7A71B-6A5F-453E-994A-4D5750A34274}.Release_c|Win32.Build.0 = Release_c|Win32
		{E5A7A71B-6A5F-453E-994A-4D5750A34274}.Release_c|x64.ActiveCfg = Release_c|x64
		{E5A7A71B-6A5F-453E-994A-4D5750A34274}.Release_c|x64.Build.0 = Release_c|x64
		{E5A7A71B-6A5F-453E-994A-4D5750A34274}.Release|Win32.ActiveCfg = Release|Win32
		{E5A7A71B-6A5F-453E-994A-4D5750A34274}.Release|Win32.Build.0 = Release|Win32
		{E5A7A71B-6A5F-453E-994A-4D5750A34274}.Release|x64.ActiveCfg = Release|x64
		{E5A7A71B-6A5F-453E-994A-4D5750A34274}.Release|x64.Build.0 = Release|x64
		{447CB638-6655-41E0-A0CA-27E572CE403D}.Debug_c|Win32.ActiveCfg = Debug_c|Win32
		{447CB638-6655-41E0-A0CA-27E572CE403D}.Debug_c|Win32.Build.0 = Debug_c|Win32
		{447CB638-6655-41E0-A0CA-27E572CE403D}.Debug_c|x64.ActiveCfg = Debug_c|x64
		{447CB638-6655-41E0-A0CA-27E572CE403D}.Debug_c|x64.Build.0 = Debug_c|x64
		{447CB638-6655-41E0-A0CA-27E572CE403D}.Debug|Win32.ActiveCfg = Debug|Win32
		{447CB638-6655-41E0-A0CA-27E572CE403D}.Debug|Win32.Build.0 = Debug|Win32
		{447CB638-6655-41E0-A0CA-27E572CE403D}.Debug|x64.ActiveCfg = Debug|x64
		{447CB638-6655-41E0-A0CA-27E572CE403D}.Debug|x64.Build.0 = Debug|x64
		{447CB638-6655-41E0-A0CA-27E572CE403D}.Release_c|Win32.ActiveCfg = Release_c|Win32
		{447CB638-6655-41E0-A0CA-27E572CE403D}.Release_c|Win32.Build.0 = Release_c|Win32
		{447CB638-6655-41E0-A0CA-27E572CE403D}.Release_c|x64.ActiveCfg = Release_c|x64
		{447CB638-6655-41E0-A0CA-27E572CE403D}.Release_c|x64.Build.0 = Release_c|x64
		{447CB638-6655-41E0-A0CA-27E572CE403D}.Release|Win32.ActiveCfg = Release|Win32
		{447CB638-6655-41E0-A0CA-27E572CE403D}.Release|Win32.Build.0 = Release|Win32
		{447CB638-6655-41E0-A0CA-27E572CE403D}.Release|x64.ActiveCfg = Release|x64
		{447CB638-6655-41E0-A0CA-27E572CE403D}.Release|x64.Build.0 = Release|x64
		{C0EC2645-8E9F-4758-BB7D-C4685CFF98F6}.Debug_c|Win32.ActiveCfg = Debug_c|Win32
		{C0EC2645-8E9F-4758-BB7D-C4685CFF98F6}.Debug_c|Win32.Build.0 = Debug_c|Win32
		{C0EC2645-8E9F-4758-BB7D-C4685CFF98F6}.Debug_c|x64.ActiveCfg = Debug_c|x64
		{C0EC2645-8E9F-4758-BB7D-C4685CFF98F6}.Debug_c|x64.Build.0 = Debug_c|x64
		{C0EC2645-8E9F-4758-BB7D-C4685CFF98F6}.Debug|Win32.ActiveCfg = Debug|Win32
		{C0EC2645-8E9F-4758-BB7D-C4685CFF98F6}.Debug|Win32.Build.0 = Debug|Win32
		{C0EC2645-8E9F-4758-BB7D-C4685CFF98F6}.Debug|x64.ActiveCfg = Debug|x64
		{C0EC2645-8E9F-4758-BB7D-C4685CFF98F6}.Debug|x64.Build.0 = Debug|x64
		{C0EC2645-8E9F-4758-BB7D-C4685CFF98F6}.Release_c|Win32.ActiveCfg = Release_c|Win32
		{C0EC2645-8E9F-4758-BB7D-C4685CFF98F6}.Release_c|Win32.Build.0 = Release_c|Win32
		{C0EC2645-8E9F-4758-BB7D-C4685CFF98F6}.Release_c|x64.ActiveCfg = Release_c|x64
		{C0EC2645-8E9F-4758-BB7D-C4685CFF98F6}.Release_c|x64.Build.0 = Release_c|x64
		{C0EC2645-8E9F-4758-BB7D-C4685CFF98F6}.Release|Win32.ActiveCfg = Release|Win32
		{C0EC2645-8E9F-4758-BB7D-C4685CFF98F6}.Release|Win32.Build.0 = Release|Win32
		{C0EC2645-8E9F-4758-BB7D-C4685CFF98F6}.Release|x64.ActiveCfg = Release|x64
		{C0EC2645-8E9F-4758-BB7D-C4685CFF98F6}.Release|x64.Build.0 = Release|x64
		{C62CCB54-397C-4DA7-94FE-E730F1592EA1}.Debug_c|Win32.ActiveCfg = Debug_c|Win32
		{C62CCB54-397C-4DA7-94FE-E730F1592EA1}.Debug_c|Win32.Build.0 = Debug_c|Win32
		{C62CCB54-397C-4DA7-94FE-E730F1592EA1}.Debug_c|x64.ActiveCfg = Debug_c|x64
		{C62CCB54-397C-4DA7-94FE-E730F1592EA1}.Debug_c|x64.Build.0 = Debug_c|x64
		{C62CCB54-397C-4DA7-94FE-E730F1592EA1}.Debug|Win32.ActiveCfg = Debug|Win32
		{C62CCB54-397C-4DA7-94FE-E730F1592EA1}.Debug|Win32.Build.0 = Debug|Win32
		{C62CCB54-397C-4DA7-94FE-E730F1592EA1}.Debug|x64.ActiveCfg = Debug|x64
		{C62CCB54-397C-4DA7-94FE-E730F1592EA1}.Debug|x64.Build.0 = Debug|x64
		{C62CCB54-397C-4DA7-94FE-E730F1592EA1}.Release_c|Win32.ActiveCfg = Release_c|Win32
		{C62CCB54-397C-4DA7-94FE-E730F1592EA1}.Release_c|Win32.Build.0 = Release_c|Win32
		{C62CCB54-397C-4DA7-94FE-E730F1592EA1}.Release_c|x64.ActiveCfg = Release_c|x64
		{C62CCB54-397C-4DA7-94FE-E730F1592EA1}.Release_c|x64.Build.0 = Release_c|x64
		{C62CCB54-397C-4DA7-94FE-E730F1592EA1}.Release|Win32.ActiveCfg = Release|Win32
		{C62CCB54-397C-4DA7-94FE-E730F1592EA1}.Release|Win32.Build.0 = Release|Win32
		{C62CCB54-397C-4DA7-94FE-E730F1592EA1}.Release|x64.ActiveCfg = Release|x64
		{C62CCB54-397C-4DA7-94FE-E730F1592EA1}.Release|x64.Build.0 = Release|x64
		{E8584E80-48BD-44BF-B1AE-89692BA464A0}.Debug_c|Win32.ActiveCfg = Debug_c|Win32
		{E8584E80-48BD-44BF-B1AE-89692BA464A0}.Debug_c|Win32.Build.0 = Debug_c|Win32
		{E8584E80-48BD-44BF-B1AE-89692BA464A0}.Debug_c|x64.ActiveCfg = Debug_c|x64
		{E8584E80-48BD-44BF-B1AE-89692BA464A0}.Debug_c|x64.Build.0 = Debug_c|x64
		{E8584E80-48BD-44BF-B1AE-89692BA464A0}.Debug|Win32.ActiveCfg = Debug|Win32
		{E8584E80-48BD-44BF-B1AE-89692BA464A0}.Debug|Win32.Build.0 = Debug|Win32
		{E8584E80-48BD-44BF-B1AE-89692BA464A0}.Debug|x64.ActiveCfg = Debug|x64
		{E8584E80-48BD-44BF-B1AE-89692BA464A0}.Debug|x64.Build.0 = Debug|x64
		{E8584E80-48BD-44BF-B1AE-89692BA464A0}.Release_c|Win32.ActiveCfg = Release_c|Win32
		{E8584E80-48BD-44BF-B1AE-89692BA464A0}.Release_c|Win32.Build.0 = Release_c|Win32
		{E8584E80-48BD-44BF-B1AE-89692BA464A0}.Release_c|x64.ActiveCfg = Release_c|x64
		{E8584E80-48BD-44BF-B1AE-89692BA464A0}.Release_c|x64.Build.0 = Release_c|x64
		{E8584E80-48BD-44BF-B1AE-89692BA464A0}.Release|Win32.ActiveCfg = Release|Win32
		{E8584E80-48BD-44BF-B1AE-89692BA464A0}.Release|Win32.Build.0 = Release|Win32
		{E8584E80-48BD-44BF-B1AE-89692BA464A0}.Release|x64.ActiveCfg = Release|x64
		{E8584E80-48BD-44BF-B1AE-89692BA464A0}.Release|x64.Build.0 = Release|x64
		{CE78E55E-8DE6-4A37-A092-721233412A4A}.Debug_c|Win32.ActiveCfg = Debug_c|Win32
		{CE78E55E-8DE6-4A37-A092-721233412A4A}.Debug_c|Win32.Build.0 = Debug_c|Win32
		{CE78E55E-8DE6-4A37-A092-721233412A4A}.Debug_c|x64.ActiveCfg = Debug_c|x64
		{CE78E55E-8DE6-4A37-A092-721233412A4A}.Debug_c|x64.Build.0 = Debug_c|x64
		{CE78E55E-8DE6-4A37-A092-721233412A4A}.Debug|Win32.ActiveCfg = Debug|Win32
		{CE78E55E-8DE6-4A37-A092-721233412A4A}.Debug|Win32.Build.0 = Debug|Win32
		{CE78E55E-8DE6-4A37-A092-721233412A4A}.Debug|x64.ActiveCfg = Debug|x64
		{CE78E55E-8DE6-4A37-A092-721233412A4A}.Debug|x64.Build.0 = Debug|x64
		{CE78E55E-8DE6-4A37-A092-721233412A4A}.Release_c|Win32.ActiveCfg = Release_c|Win32
		{CE78E55E-8DE6-4A37-A092-721233412A4A}.Release_c|Win32.Build.0 = Release_c|Win32
		{CE78E55E-8DE6-4A37-A092-721233412A4A}.Release_c|x64.ActiveCfg = Release_c|x64
		{CE78E55E-8DE6-4A37-A092-721233412A4A}.Release_c|x64.Build.0 = Release_c|x64
		{CE78E55E-8DE6-4A37-A092-721233412A4A}.Release|Win32.ActiveCfg = Release|Win32
		{CE78E55E-8DE6-4A37-A092-721233412A4A}.Release|Win32.Build.0 = Release|Win32
		{CE78E55E-8DE6-4A37-A092-721233412A4A}.Release|x64.ActiveCfg = Release|x64
		{CE78E55E-8DE6-4A37-A092-721233412A4A}.Release|x64.Build.0 = Release|x64
	EndGlobalSection
	GlobalSection(SolutionProperties) = preSolution
		HideSolutionNode = FALSE
	EndGlobalSection
	GlobalSection(NestedProjects) = preSolution
		{E5A7A71B-6A5F-453E-994A-4D5750A34274} = {0DCDA27F-A17B-4419-B9D4-DE272E07F46E}
		{447CB638-6655-41E0-A0CA-27E572CE403D} = {0DCDA27F-A17B-4419-B9D4-DE272E07F46E}
		{C0EC2645-8E9F-4758-BB7D-C4685CFF98F6} = {0DCDA27F-A17B-4419-B9D4-DE272E07F46E}
		{C62CCB54-397C-4DA7-94FE-E730F1592EA1} = {0DCDA27F-A17B-4419-B9D4-DE272E07F46E}
		{E8584E80-48BD-44BF-B1AE-89692BA464A0} = {0DCDA27F-A17B-4419-B9D4-DE272E07F46E}
		{CE78E55E-8DE6-4A37-A092-721233412A4A} = {0DCDA27F-A17B-4419-B9D4-DE272E07F46E}
		{DB036BA5-F9D8-48E3-B644-CAD51CA20FB0} = {327B1E07-E508-4028-A94C-2B0255D0DCFE}
		{0AD41568-1FD0-45B5-8376-C444BC762E51} = {327B1E07-E508-4028-A94C-2B0255D0DCFE}
		{4C275C10-E451-4CD2-A1DC-DF95910EE5E9} = {327B1E07-E508-4028-A94C-2B0255D0DCFE}
		{54F97E3D-1563-4AB1-A6C1-F7F43CB1EA79} = {327B1E07-E508-4028-A94C-2B0255D0DCFE}
		{A8542155-E44E-46EB-BC48-9BCB798F138E} = {327B1E07-E508-4028-A94C-2B0255D0DCFE}
		{14975EF0-97BD-46DA-A132-84F022B42928} = {327B1E07-E508-4028-A94C-2B0255D0DCFE}
		{D85EC7BC-F8A2-4BA9-B994-D0850185002E} = {327B1E07-E508-4028-A94C-2B0255D0DCFE}
		{8168D02D-29BC-400A-B812-B48ADB9A139E} = {327B1E07-E508-4028-A94C-2B0255D0DCFE}
		{CF666B09-B35D-4A16-BEAF-986ACB6ED233} = {327B1E07-E508-4028-A94C-2B0255D0DCFE}
		{569A81D4-A4E6-45CE-9862-E8E3E555EC70} = {327B1E07-E508-4028-A94C-2B0255D0DCFE}
		{36B839FA-130F-4B25-AF0C-B5EA76F8B6D9} = {327B1E07-E508-4028-A94C-2B0255D0DCFE}
		{799CCCBD-A613-4241-B668-FBEF725BD1DF} = {327B1E07-E508-4028-A94C-2B0255D0DCFE}
		{946650A0-3D35-4102-936B-9A499BF6622E} = {327B1E07-E508-4028-A94C-2B0255D0DCFE}
		{6261A24D-5CF4-4D6F-9E7E-80F6D981C7D6} = {327B1E07-E508-4028-A94C-2B0255D0DCFE}
		{2958C23D-FB80-48C5-8490-1A03B9CE3641} = {327B1E07-E508-4028-A94C-2B0255D0DCFE}
		{87238625-7669-4F2C-AC21-280F13A290CD} = {327B1E07-E508-4028-A94C-2B0255D0DCFE}
		{E45D94FC-23F8-4DE8-904A-33DFA5B3CF85} = {327B1E07-E508-4028-A94C-2B0255D0DCFE}
		{E2A251B6-FFA6-46A7-811F-2A6C705D1C17} = {327B1E07-E508-4028-A94C-2B0255D0DCFE}
	EndGlobalSection
EndGlobal
